
Microsoft Visual Studio Solution File, Format Version 12.00
# Visual Studio Version 17
VisualStudioVersion = 17.0.31903.59
MinimumVisualStudioVersion = 10.0.40219.1
Project("{FAE04EC0-301F-11D3-BF4B-00C04F79EFBC}") = "PasskeyAutofill.Core", "PasskeyAutofill.Core\PasskeyAutofill.Core.csproj", "{ACA715B0-4157-4FE4-8B88-5176B550D947}"
EndProject
Project("{FAE04EC0-301F-11D3-BF4B-00C04F79EFBC}") = "PasskeyAutofill.Wpf", "PasskeyAutofill.Wpf\PasskeyAutofill.Wpf.csproj", "{E7CD1956-34FF-48D8-BD02-4640F3C51103}"
EndProject
Global
	GlobalSection(SolutionConfigurationPlatforms) = preSolution
		Debug|Any CPU = Debug|Any CPU
		Debug|x64 = Debug|x64
		Debug|x86 = Debug|x86
		Release|Any CPU = Release|Any CPU
		Release|x64 = Release|x64
		Release|x86 = Release|x86
	EndGlobalSection
	GlobalSection(ProjectConfigurationPlatforms) = postSolution
		{ACA715B0-4157-4FE4-8B88-5176B550D947}.Debug|Any CPU.ActiveCfg = Debug|Any CPU
		{ACA715B0-4157-4FE4-8B88-5176B550D947}.Debug|Any CPU.Build.0 = Debug|Any CPU
		{ACA715B0-4157-4FE4-8B88-5176B550D947}.Debug|x64.ActiveCfg = Debug|Any CPU
		{ACA715B0-4157-4FE4-8B88-5176B550D947}.Debug|x64.Build.0 = Debug|Any CPU
		{ACA715B0-4157-4FE4-8B88-5176B550D947}.Debug|x86.ActiveCfg = Debug|Any CPU
		{ACA715B0-4157-4FE4-8B88-5176B550D947}.Debug|x86.Build.0 = Debug|Any CPU
		{ACA715B0-4157-4FE4-8B88-5176B550D947}.Release|Any CPU.ActiveCfg = Release|Any CPU
		{ACA715B0-4157-4FE4-8B88-5176B550D947}.Release|Any CPU.Build.0 = Release|Any CPU
		{ACA715B0-4157-4FE4-8B88-5176B550D947}.Release|x64.ActiveCfg = Release|Any CPU
		{ACA715B0-4157-4FE4-8B88-5176B550D947}.Release|x64.Build.0 = Release|Any CPU
		{ACA715B0-4157-4FE4-8B88-5176B550D947}.Release|x86.ActiveCfg = Release|Any CPU
		{ACA715B0-4157-4FE4-8B88-5176B550D947}.Release|x86.Build.0 = Release|Any CPU
		{E7CD1956-34FF-48D8-BD02-4640F3C51103}.Debug|Any CPU.ActiveCfg = Debug|Any CPU
		{E7CD1956-34FF-48D8-BD02-4640F3C51103}.Debug|Any CPU.Build.0 = Debug|Any CPU
		{E7CD1956-34FF-48D8-BD02-4640F3C51103}.Debug|x64.ActiveCfg = Debug|Any CPU
		{E7CD1956-34FF-48D8-BD02-4640F3C51103}.Debug|x64.Build.0 = Debug|Any CPU
		{E7CD1956-34FF-48D8-BD02-4640F3C51103}.Debug|x86.ActiveCfg = Debug|Any CPU
		{E7CD1956-34FF-48D8-BD02-4640F3C51103}.Debug|x86.Build.0 = Debug|Any CPU
		{E7CD1956-34FF-48D8-BD02-4640F3C51103}.Release|Any CPU.ActiveCfg = Release|Any CPU
		{E7CD1956-34FF-48D8-BD02-4640F3C51103}.Release|Any CPU.Build.0 = Release|Any CPU
		{E7CD1956-34FF-48D8-BD02-4640F3C51103}.Release|x64.ActiveCfg = Release|Any CPU
		{E7CD1956-34FF-48D8-BD02-4640F3C51103}.Release|x64.Build.0 = Release|Any CPU
		{E7CD1956-34FF-48D8-BD02-4640F3C51103}.Release|x86.ActiveCfg = Release|Any CPU
		{E7CD1956-34FF-48D8-BD02-4640F3C51103}.Release|x86.Build.0 = Release|Any CPU
	EndGlobalSection
	GlobalSection(SolutionProperties) = preSolution
		HideSolutionNode = FALSE
	EndGlobalSection
EndGlobal
